// !$*UTF8*$!
{
	archiveVersion = 1;
	classes = {
	};
	objectVersion = 50;
	objects = {

/* Begin PBXBuildFile section */
		051227F52697127900A48851 /* Pacifico-Regular.ttf in Resources */ = {isa = PBXBuildFile; fileRef = 051227F42697127900A48851 /* Pacifico-Regular.ttf */; };
		051227F826971C0200A48851 /* pp.jpeg in Resources */ = {isa = PBXBuildFile; fileRef = 051227F726971C0200A48851 /* pp.jpeg */; };
		0512280026971E6A00A48851 /* InfoView1.swift in Sources */ = {isa = PBXBuildFile; fileRef = 051227FF26971E6A00A48851 /* InfoView1.swift */; };
		056F34C12696CDBB00414BF5 /* RumeysaCardApp.swift in Sources */ = {isa = PBXBuildFile; fileRef = 056F34C02696CDBB00414BF5 /* RumeysaCardApp.swift */; };
		056F34C32696CDBB00414BF5 /* ContentView.swift in Sources */ = {isa = PBXBuildFile; fileRef = 056F34C22696CDBB00414BF5 /* ContentView.swift */; };
		056F34C52696CDBE00414BF5 /* Assets.xcassets in Resources */ = {isa = PBXBuildFile; fileRef = 056F34C42696CDBE00414BF5 /* Assets.xcassets */; };
		056F34C82696CDBE00414BF5 /* Preview Assets.xcassets in Resources */ = {isa = PBXBuildFile; fileRef = 056F34C72696CDBE00414BF5 /* Preview Assets.xcassets */; };
/* End PBXBuildFile section */

/* Begin PBXFileReference section */
		051227F42697127900A48851 /* Pacifico-Regular.ttf */ = {isa = PBXFileReference; lastKnownFileType = file; name = "Pacifico-Regular.ttf"; path = "../../../../Downloads/Pacifico/Pacifico-Regular.ttf"; sourceTree = "<group>"; };
		051227F726971C0200A48851 /* pp.jpeg */ = {isa = PBXFileReference; lastKnownFileType = image.jpeg; name = pp.jpeg; path = ../../pp.jpeg; sourceTree = "<group>"; };
		051227FF26971E6A00A48851 /* InfoView1.swift */ = {isa = PBXFileReference; lastKnownFileType = sourcecode.swift; path = InfoView1.swift; sourceTree = "<group>"; };
		056F34BD2696CDBB00414BF5 /* RumeysaCard.app */ = {isa = PBXFileReference; explicitFileType = wrapper.application; includeInIndex = 0; path = RumeysaCard.app; sourceTree = BUILT_PRODUCTS_DIR; };
		056F34C02696CDBB00414BF5 /* RumeysaCardApp.swift */ = {isa = PBXFileReference; lastKnownFileType = sourcecode.swift; path = RumeysaCardApp.swift; sourceTree = "<group>"; };
		056F34C22696CDBB00414BF5 /* ContentView.swift */ = {isa = PBXFileReference; lastKnownFileType = sourcecode.swift; path = ContentView.swift; sourceTree = "<group>"; };
		056F34C42696CDBE00414BF5 /* Assets.xcassets */ = {isa = PBXFileReference; lastKnownFileType = folder.assetcatalog; path = Assets.xcassets; sourceTree = "<group>"; };
		056F34C72696CDBE00414BF5 /* Preview Assets.xcassets */ = {isa = PBXFileReference; lastKnownFileType = folder.assetcatalog; path = "Preview Assets.xcassets"; sourceTree = "<group>"; };
		056F34C92696CDBE00414BF5 /* Info.plist */ = {isa = PBXFileReference; lastKnownFileType = text.plist.xml; path = Info.plist; sourceTree = "<group>"; };
/* End PBXFileReference section */

/* Begin PBXFrameworksBuildPhase section */
		056F34BA2696CDBB00414BF5 /* Frameworks */ = {
			isa = PBXFrameworksBuildPhase;
			buildActionMask = 2147483647;
			files = (
			);
			runOnlyForDeploymentPostprocessing = 0;
		};
/* End PBXFrameworksBuildPhase section */

/* Begin PBXGroup section */
		051227F32697124E00A48851 /* fonts */ = {
			isa = PBXGroup;
			children = (
				051227F42697127900A48851 /* Pacifico-Regular.ttf */,
			);
			path = fonts;
			sourceTree = "<group>";
		};
		056F34B42696CDBB00414BF5 = {
			isa = PBXGroup;
			children = (
				056F34BF2696CDBB00414BF5 /* RumeysaCard */,
				056F34BE2696CDBB00414BF5 /* Products */,
			);
			sourceTree = "<group>";
		};
		056F34BE2696CDBB00414BF5 /* Products */ = {
			isa = PBXGroup;
			children = (
				056F34BD2696CDBB00414BF5 /* RumeysaCard.app */,
			);
			name = Products;
			sourceTree = "<group>";
		};
		056F34BF2696CDBB00414BF5 /* RumeysaCard */ = {
			isa = PBXGroup;
			children = (
				051227F32697124E00A48851 /* fonts */,
				056F34C02696CDBB00414BF5 /* RumeysaCardApp.swift */,
				056F34C22696CDBB00414BF5 /* ContentView.swift */,
				051227FF26971E6A00A48851 /* InfoView1.swift */,
				056F34C42696CDBE00414BF5 /* Assets.xcassets */,
				051227F726971C0200A48851 /* pp.jpeg */,
				056F34C92696CDBE00414BF5 /* Info.plist */,
				056F34C62696CDBE00414BF5 /* Preview Content */,
			);
			path = RumeysaCard;
			sourceTree = "<group>";
		};
		056F34C62696CDBE00414BF5 /* Preview Content */ = {
			isa = PBXGroup;
			children = (
				056F34C72696CDBE00414BF5 /* Preview Assets.xcassets */,
			);
			path = "Preview Content";
			sourceTree = "<group>";
		};
/* End PBXGroup section */

/* Begin PBXNativeTarget section */
		056F34BC2696CDBB00414BF5 /* RumeysaCard */ = {
			isa = PBXNativeTarget;
			buildConfigurationList = 056F34CC2696CDBE00414BF5 /* Build configuration list for PBXNativeTarget "RumeysaCard" */;
			buildPhases = (
				056F34B92696CDBB00414BF5 /* Sources */,
				056F34BA2696CDBB00414BF5 /* Frameworks */,
				056F34BB2696CDBB00414BF5 /* Resources */,
			);
			buildRules = (
			);
			dependencies = (
			);
			name = RumeysaCard;
			productName = RumeysaCard;
			productReference = 056F34BD2696CDBB00414BF5 /* RumeysaCard.app */;
			productType = "com.apple.product-type.application";
		};
/* End PBXNativeTarget section */

/* Begin PBXProject section */
		056F34B52696CDBB00414BF5 /* Project object */ = {
			isa = PBXProject;
			attributes = {
				LastSwiftUpdateCheck = 1240;
				LastUpgradeCheck = 1240;
				TargetAttributes = {
					056F34BC2696CDBB00414BF5 = {
						CreatedOnToolsVersion = 12.4;
					};
				};
			};
			buildConfigurationList = 056F34B82696CDBB00414BF5 /* Build configuration list for PBXProject "RumeysaCard" */;
			compatibilityVersion = "Xcode 9.3";
			developmentRegion = en;
			hasScannedForEncodings = 0;
			knownRegions = (
				en,
				Base,
			);
			mainGroup = 056F34B42696CDBB00414BF5;
			productRefGroup = 056F34BE2696CDBB00414BF5 /* Products */;
			projectDirPath = "";
			projectRoot = "";
			targets = (
				056F34BC2696CDBB00414BF5 /* RumeysaCard */,
			);
		};
/* End PBXProject section */

/* Begin PBXResourcesBuildPhase section */
		056F34BB2696CDBB00414BF5 /* Resources */ = {
			isa = PBXResourcesBuildPhase;
			buildActionMask = 2147483647;
			files = (
				051227F52697127900A48851 /* Pacifico-Regular.ttf in Resources */,
				056F34C82696CDBE00414BF5 /* Preview Assets.xcassets in Resources */,
				051227F826971C0200A48851 /* pp.jpeg in Resources */,
				056F34C52696CDBE00414BF5 /* Assets.xcassets in Resources */,
			);
			runOnlyForDeploymentPostprocessing = 0;
		};
/* End PBXResourcesBuildPhase section */

/* Begin PBXSourcesBuildPhase section */
		056F34B92696CDBB00414BF5 /* Sources */ = {
			isa = PBXSourcesBuildPhase;
			buildActionMask = 2147483647;
			files = (
				056F34C32696CDBB00414BF5 /* ContentView.swift in Sources */,
				0512280026971E6A00A48851 /* InfoView1.swift in Sources */,
				056F34C12696CDBB00414BF5 /* RumeysaCardApp.swift in Sources */,
			);
			runOnlyForDeploymentPostprocessing = 0;
		};
/* End PBXSourcesBuildPhase section */

/* Begin XCBuildConfiguration section */
		056F34CA2696CDBE00414BF5 /* Debug */ = {
			isa = XCBuildConfiguration;
			buildSettings = {
				ALWAYS_SEARCH_USER_PATHS = NO;
				CLANG_ANALYZER_NONNULL = YES;
				CLANG_ANALYZER_NUMBER_OBJECT_CONVERSION = YES_AGGRESSIVE;
				CLANG_CXX_LANGUAGE_STANDARD = "gnu++14";
				CLANG_CXX_LIBRARY = "libc++";
				CLANG_ENABLE_MODULES = YES;
				CLANG_ENABLE_OBJC_ARC = YES;
				CLANG_ENABLE_OBJC_WEAK = YES;
				CLANG_WARN_BLOCK_CAPTURE_AUTORELEASING = YES;
				CLANG_WARN_BOOL_CONVERSION = YES;
				CLANG_WARN_COMMA = YES;
				CLANG_WARN_CONSTANT_CONVERSION = YES;
				CLANG_WARN_DEPRECATED_OBJC_IMPLEMENTATIONS = YES;
				CLANG_WARN_DIRECT_OBJC_ISA_USAGE = YES_ERROR;
				CLANG_WARN_DOCUMENTATION_COMMENTS = YES;
				CLANG_WARN_EMPTY_BODY = YES;
				CLANG_WARN_ENUM_CONVERSION = YES;
				CLANG_WARN_INFINITE_RECURSION = YES;
				CLANG_WARN_INT_CONVERSION = YES;
				CLANG_WARN_NON_LITERAL_NULL_CONVERSION = YES;
				CLANG_WARN_OBJC_IMPLICIT_RETAIN_SELF = YES;
				CLANG_WARN_OBJC_LITERAL_CONVERSION = YES;
				CLANG_WARN_OBJC_ROOT_CLASS = YES_ERROR;
				CLANG_WARN_QUOTED_INCLUDE_IN_FRAMEWORK_HEADER = YES;
				CLANG_WARN_RANGE_LOOP_ANALYSIS = YES;
				CLANG_WARN_STRICT_PROTOTYPES = YES;
				CLANG_WARN_SUSPICIOUS_MOVE = YES;
				CLANG_WARN_UNGUARDED_AVAILABILITY = YES_AGGRESSIVE;
				CLANG_WARN_UNREACHABLE_CODE = YES;
				CLANG_WARN__DUPLICATE_METHOD_MATCH = YES;
				COPY_PHASE_STRIP = NO;
				DEBUG_INFORMATION_FORMAT = dwarf;
				ENABLE_STRICT_OBJC_MSGSEND = YES;
				ENABLE_TESTABILITY = YES;
				GCC_C_LANGUAGE_STANDARD = gnu11;
				GCC_DYNAMIC_NO_PIC = NO;
				GCC_NO_COMMON_BLOCKS = YES;
				GCC_OPTIMIZATION_LEVEL = 0;
				GCC_PREPROCESSOR_DEFINITIONS = (
					"DEBUG=1",
					"$(inherited)",
				);
				GCC_WARN_64_TO_32_BIT_CONVERSION = YES;
				GCC_WARN_ABOUT_RETURN_TYPE = YES_ERROR;
				GCC_WARN_UNDECLARED_SELECTOR = YES;
				GCC_WARN_UNINITIALIZED_AUTOS = YES_AGGRESSIVE;
				GCC_WARN_UNUSED_FUNCTION = YES;
				GCC_WARN_UNUSED_VARIABLE = YES;
				IPHONEOS_DEPLOYMENT_TARGET = 14.4;
				MTL_ENABLE_DEBUG_INFO = INCLUDE_SOURCE;
				MTL_FAST_MATH = YES;
				ONLY_ACTIVE_ARCH = YES;
				SDKROOT = iphoneos;
				SWIFT_ACTIVE_COMPILATION_CONDITIONS = DEBUG;
				SWIFT_OPTIMIZATION_LEVEL = "-Onone";
			};
			name = Debug;
		};
		056F34CB2696CDBE00414BF5 /* Release */ = {
			isa = XCBuildConfiguration;
			buildSettings = {
				ALWAYS_SEARCH_USER_PATHS = NO;
				CLANG_ANALYZER_NONNULL = YES;
				CLANG_ANALYZER_NUMBER_OBJECT_CONVERSION = YES_AGGRESSIVE;
				CLANG_CXX_LANGUAGE_STANDARD = "gnu++14";
				CLANG_CXX_LIBRARY = "libc++";
				CLANG_ENABLE_MODULES = YES;
				CLANG_ENABLE_OBJC_ARC = YES;
				CLANG_ENABLE_OBJC_WEAK = YES;
				CLANG_WARN_BLOCK_CAPTURE_AUTORELEASING = YES;
				CLANG_WARN_BOOL_CONVERSION = YES;
				CLANG_WARN_COMMA = YES;
				CLANG_WARN_CONSTANT_CONVERSION = YES;
				CLANG_WARN_DEPRECATED_OBJC_IMPLEMENTATIONS = YES;
				CLANG_WARN_DIRECT_OBJC_ISA_USAGE = YES_ERROR;
				CLANG_WARN_DOCUMENTATION_COMMENTS = YES;
				CLANG_WARN_EMPTY_BODY = YES;
				CLANG_WARN_ENUM_CONVERSION = YES;
				CLANG_WARN_INFINITE_RECURSION = YES;
				CLANG_WARN_INT_CONVERSION = YES;
				CLANG_WARN_NON_LITERAL_NULL_CONVERSION = YES;
				CLANG_WARN_OBJC_IMPLICIT_RETAIN_SELF = YES;
				CLANG_WARN_OBJC_LITERAL_CONVERSION = YES;
				CLANG_WARN_OBJC_ROOT_CLASS = YES_ERROR;
				CLANG_WARN_QUOTED_INCLUDE_IN_FRAMEWORK_HEADER = YES;
				CLANG_WARN_RANGE_LOOP_ANALYSIS = YES;
				CLANG_WARN_STRICT_PROTOTYPES = YES;
				CLANG_WARN_SUSPICIOUS_MOVE = YES;
				CLANG_WARN_UNGUARDED_AVAILABILITY = YES_AGGRESSIVE;
				CLANG_WARN_UNREACHABLE_CODE = YES;
				CLANG_WARN__DUPLICATE_METHOD_MATCH = YES;
				COPY_PHASE_STRIP = NO;
				DEBUG_INFORMATION_FORMAT = "dwarf-with-dsym";
				ENABLE_NS_ASSERTIONS = NO;
				ENABLE_STRICT_OBJC_MSGSEND = YES;
				GCC_C_LANGUAGE_STANDARD = gnu11;
				GCC_NO_COMMON_BLOCKS = YES;
				GCC_WARN_64_TO_32_BIT_CONVERSION = YES;
				GCC_WARN_ABOUT_RETURN_TYPE = YES_ERROR;
				GCC_WARN_UNDECLARED_SELECTOR = YES;
				GCC_WARN_UNINITIALIZED_AUTOS = YES_AGGRESSIVE;
				GCC_WARN_UNUSED_FUNCTION = YES;
				GCC_WARN_UNUSED_VARIABLE = YES;
				IPHONEOS_DEPLOYMENT_TARGET = 14.4;
				MTL_ENABLE_DEBUG_INFO = NO;
				MTL_FAST_MATH = YES;
				SDKROOT = iphoneos;
				SWIFT_COMPILATION_MODE = wholemodule;
				SWIFT_OPTIMIZATION_LEVEL = "-O";
				VALIDATE_PRODUCT = YES;
			};
			name = Release;
		};
		056F34CD2696CDBE00414BF5 /* Debug */ = {
			isa = XCBuildConfiguration;
			buildSettings = {
				ASSETCATALOG_COMPILER_APPICON_NAME = AppIcon;
				ASSETCATALOG_COMPILER_GLOBAL_ACCENT_COLOR_NAME = AccentColor;
				CODE_SIGN_STYLE = Automatic;
				DEVELOPMENT_ASSET_PATHS = "\"RumeysaCard/Preview Content\"";
				DEVELOPMENT_TEAM = XFFGDWLCMA;
				ENABLE_PREVIEWS = YES;
				INFOPLIST_FILE = RumeysaCard/Info.plist;
				IPHONEOS_DEPLOYMENT_TARGET = 14.0;
				LD_RUNPATH_SEARCH_PATHS = (
					"$(inherited)",
					"@executable_path/Frameworks",
				);
				PRODUCT_BUNDLE_IDENTIFIER = co.ry.RumeysaCard;
				PRODUCT_NAME = "$(TARGET_NAME)";
				SWIFT_VERSION = 5.0;
				TARGETED_DEVICE_FAMILY = "1,2";
			};
			name = Debug;
		};
		056F34CE2696CDBE00414BF5 /* Release */ = {
			isa = XCBuildConfiguration;
			buildSettings = {
				ASSETCATALOG_COMPILER_APPICON_NAME = AppIcon;
				ASSETCATALOG_COMPILER_GLOBAL_ACCENT_COLOR_NAME = AccentColor;
				CODE_SIGN_STYLE = Automatic;
				DEVELOPMENT_ASSET_PATHS = "\"RumeysaCard/Preview Content\"";
				DEVELOPMENT_TEAM = XFFGDWLCMA;
				ENABLE_PREVIEWS = YES;
				INFOPLIST_FILE = RumeysaCard/Info.plist;
				IPHONEOS_DEPLOYMENT_TARGET = 14.0;
				LD_RUNPATH_SEARCH_PATHS = (
					"$(inherited)",
					"@executable_path/Frameworks",
				);
				PRODUCT_BUNDLE_IDENTIFIER = co.ry.RumeysaCard;
				PRODUCT_NAME = "$(TARGET_NAME)";
				SWIFT_VERSION = 5.0;
				TARGETED_DEVICE_FAMILY = "1,2";
			};
			name = Release;
		};
/* End XCBuildConfiguration section */

/* Begin XCConfigurationList section */
		056F34B82696CDBB00414BF5 /* Build configuration list for PBXProject "RumeysaCard" */ = {
			isa = XCConfigurationList;
			buildConfigurations = (
				056F34CA2696CDBE00414BF5 /* Debug */,
				056F34CB2696CDBE00414BF5 /* Release */,
			);
			defaultConfigurationIsVisible = 0;
			defaultConfigurationName = Release;
		};
		056F34CC2696CDBE00414BF5 /* Build configuration list for PBXNativeTarget "RumeysaCard" */ = {
			isa = XCConfigurationList;
			buildConfigurations = (
				056F34CD2696CDBE00414BF5 /* Debug */,
				056F34CE2696CDBE00414BF5 /* Release */,
			);
			defaultConfigurationIsVisible = 0;
			defaultConfigurationName = Release;
		};
/* End XCConfigurationList section */
	};
	rootObject = 056F34B52696CDBB00414BF5 /* Project object */;
}
